
Microsoft Visual Studio Solution File, Format Version 12.00
# Visual Studio Version 17
VisualStudioVersion = 17.8.34330.188
MinimumVisualStudioVersion = 10.0.40219.1
Project("{FAE04EC0-301F-11D3-BF4B-00C04F79EFBC}") = "ControllerLinkDTApp", "ControllerLinkDTApp\ControllerLinkDTApp.csproj", "{76AADCB4-5D25-479A-980B-E6D3481EB704}"
EndProject
Global
	GlobalSection(SolutionConfigurationPlatforms) = preSolution
		Debug|Any CPU = Debug|Any CPU
		Release|Any CPU = Release|Any CPU
	EndGlobalSection
	GlobalSection(ProjectConfigurationPlatforms) = postSolution
		{76AADCB4-5D25-479A-980B-E6D3481EB704}.Debug|Any CPU.ActiveCfg = Debug|Any CPU
		{76AADCB4-5D25-479A-980B-E6D3481EB704}.Debug|Any CPU.Build.0 = Debug|Any CPU
		{76AADCB4-5D25-479A-980B-E6D3481EB704}.Release|Any CPU.ActiveCfg = Release|Any CPU
		{76AADCB4-5D25-479A-980B-E6D3481EB704}.Release|Any CPU.Build.0 = Release|Any CPU
	EndGlobalSection
	GlobalSection(SolutionProperties) = preSolution
		HideSolutionNode = FALSE
	EndGlobalSection
	GlobalSection(ExtensibilityGlobals) = postSolution
		SolutionGuid = {10CFE1F3-6DEF-48B0-85AE-779BB23DF858}
	EndGlobalSection
EndGlobal
